
Microsoft Visual Studio Solution File, Format Version 12.00
# Visual Studio Version 16
VisualStudioVersion = 16.0.29424.173
MinimumVisualStudioVersion = 10.0.40219.1
Project("{9A19103F-16F7-4668-BE54-9A1E7A4F7556}") = "TimCo.UI", "TimCo.UI\TimCo.UI.csproj", "{F4447D66-278A-4716-B6AA-57911B33C128}"
EndProject
Project("{9A19103F-16F7-4668-BE54-9A1E7A4F7556}") = "TimCo.API", "TimCo.API\TimCo.API.csproj", "{0B8337D6-DDF5-453B-84C8-3192FE7EA194}"
EndProject
Project("{00D1A9C2-B5F0-4AF3-8072-F6C62B433612}") = "TimCo.Data", "TimCo.Data\TimCo.Data.sqlproj", "{7AAF6173-5DE3-4F38-B569-A7D1D6FF26AE}"
EndProject
Global
	GlobalSection(SolutionConfigurationPlatforms) = preSolution
		Debug|Any CPU = Debug|Any CPU
		Release|Any CPU = Release|Any CPU
	EndGlobalSection
	GlobalSection(ProjectConfigurationPlatforms) = postSolution
		{F4447D66-278A-4716-B6AA-57911B33C128}.Debug|Any CPU.ActiveCfg = Debug|Any CPU
		{F4447D66-278A-4716-B6AA-57911B33C128}.Debug|Any CPU.Build.0 = Debug|Any CPU
		{F4447D66-278A-4716-B6AA-57911B33C128}.Release|Any CPU.ActiveCfg = Release|Any CPU
		{F4447D66-278A-4716-B6AA-57911B33C128}.Release|Any CPU.Build.0 = Release|Any CPU
		{0B8337D6-DDF5-453B-84C8-3192FE7EA194}.Debug|Any CPU.ActiveCfg = Debug|Any CPU
		{0B8337D6-DDF5-453B-84C8-3192FE7EA194}.Debug|Any CPU.Build.0 = Debug|Any CPU
		{0B8337D6-DDF5-453B-84C8-3192FE7EA194}.Release|Any CPU.ActiveCfg = Release|Any CPU
		{0B8337D6-DDF5-453B-84C8-3192FE7EA194}.Release|Any CPU.Build.0 = Release|Any CPU
		{7AAF6173-5DE3-4F38-B569-A7D1D6FF26AE}.Debug|Any CPU.ActiveCfg = Debug|Any CPU
		{7AAF6173-5DE3-4F38-B569-A7D1D6FF26AE}.Debug|Any CPU.Build.0 = Debug|Any CPU
		{7AAF6173-5DE3-4F38-B569-A7D1D6FF26AE}.Debug|Any CPU.Deploy.0 = Debug|Any CPU
		{7AAF6173-5DE3-4F38-B569-A7D1D6FF26AE}.Release|Any CPU.ActiveCfg = Release|Any CPU
		{7AAF6173-5DE3-4F38-B569-A7D1D6FF26AE}.Release|Any CPU.Build.0 = Release|Any CPU
		{7AAF6173-5DE3-4F38-B569-A7D1D6FF26AE}.Release|Any CPU.Deploy.0 = Release|Any CPU
	EndGlobalSection
	GlobalSection(SolutionProperties) = preSolution
		HideSolutionNode = FALSE
	EndGlobalSection
	GlobalSection(ExtensibilityGlobals) = postSolution
		SolutionGuid = {A415DA81-C09F-4A75-895E-A274AFBC441C}
	EndGlobalSection
EndGlobal
